
Microsoft Visual Studio Solution File, Format Version 12.00
# Visual Studio 15
VisualStudioVersion = 15.0.28307.421
MinimumVisualStudioVersion = 10.0.40219.1
Project("{8BC9CEB8-8B4A-11D0-8D11-00A0C91BC942}") = "c homework1", "c homework1\c homework1.vcxproj", "{32EC6154-3E4D-4F8A-9009-705D882D17A1}"
EndProject
Global
	GlobalSection(SolutionConfigurationPlatforms) = preSolution
		Debug|x64 = Debug|x64
		Debug|x86 = Debug|x86
		Release|x64 = Release|x64
		Release|x86 = Release|x86
	EndGlobalSection
	GlobalSection(ProjectConfigurationPlatforms) = postSolution
		{32EC6154-3E4D-4F8A-9009-705D882D17A1}.Debug|x64.ActiveCfg = Debug|x64
		{32EC6154-3E4D-4F8A-9009-705D882D17A1}.Debug|x64.Build.0 = Debug|x64
		{32EC6154-3E4D-4F8A-9009-705D882D17A1}.Debug|x86.ActiveCfg = Debug|Win32
		{32EC6154-3E4D-4F8A-9009-705D882D17A1}.Debug|x86.Build.0 = Debug|Win32
		{32EC6154-3E4D-4F8A-9009-705D882D17A1}.Release|x64.ActiveCfg = Release|x64
		{32EC6154-3E4D-4F8A-9009-705D882D17A1}.Release|x64.Build.0 = Release|x64
		{32EC6154-3E4D-4F8A-9009-705D882D17A1}.Release|x86.ActiveCfg = Release|Win32
		{32EC6154-3E4D-4F8A-9009-705D882D17A1}.Release|x86.Build.0 = Release|Win32
	EndGlobalSection
	GlobalSection(SolutionProperties) = preSolution
		HideSolutionNode = FALSE
	EndGlobalSection
	GlobalSection(ExtensibilityGlobals) = postSolution
		SolutionGuid = {EFCE5CF9-DBD4-4726-A87E-827F0E2B2FBA}
	EndGlobalSection
EndGlobal
